
Microsoft Visual Studio Solution File, Format Version 12.00
# Visual Studio 15
VisualStudioVersion = 15.0.28307.902
MinimumVisualStudioVersion = 10.0.40219.1
Project("{8BC9CEB8-8B4A-11D0-8D11-00A0C91BC942}") = "Bank", "Bank\Bank.vcxproj", "{DDA4AD80-FF40-4503-A878-94076E73D422}"
EndProject
Global
	GlobalSection(SolutionConfigurationPlatforms) = preSolution
		Debug|x64 = Debug|x64
		Debug|x86 = Debug|x86
		Release|x64 = Release|x64
		Release|x86 = Release|x86
	EndGlobalSection
	GlobalSection(ProjectConfigurationPlatforms) = postSolution
		{DDA4AD80-FF40-4503-A878-94076E73D422}.Debug|x64.ActiveCfg = Debug|x64
		{DDA4AD80-FF40-4503-A878-94076E73D422}.Debug|x64.Build.0 = Debug|x64
		{DDA4AD80-FF40-4503-A878-94076E73D422}.Debug|x86.ActiveCfg = Debug|Win32
		{DDA4AD80-FF40-4503-A878-94076E73D422}.Debug|x86.Build.0 = Debug|Win32
		{DDA4AD80-FF40-4503-A878-94076E73D422}.Release|x64.ActiveCfg = Release|x64
		{DDA4AD80-FF40-4503-A878-94076E73D422}.Release|x64.Build.0 = Release|x64
		{DDA4AD80-FF40-4503-A878-94076E73D422}.Release|x86.ActiveCfg = Release|Win32
		{DDA4AD80-FF40-4503-A878-94076E73D422}.Release|x86.Build.0 = Release|Win32
	EndGlobalSection
	GlobalSection(SolutionProperties) = preSolution
		HideSolutionNode = FALSE
	EndGlobalSection
	GlobalSection(ExtensibilityGlobals) = postSolution
		SolutionGuid = {BA63B202-71FF-4868-B9BC-8CE096A9D0BA}
	EndGlobalSection
EndGlobal
